// !$*UTF8*$!
{
	archiveVersion = 1;
	classes = {
	};
	objectVersion = 48;
	objects = {

/* Begin PBXBuildFile section */
		92534D679ADFDAAEAA34C21C /* Pods_FlixUITests.framework in Frameworks */ = {isa = PBXBuildFile; fileRef = 32596A0371A1DA2ABDD3B51B /* Pods_FlixUITests.framework */; };
		CA3E13D30B32BD0471742865 /* Pods_FlixTests.framework in Frameworks */ = {isa = PBXBuildFile; fileRef = 2A00C901CD8FA49920470D76 /* Pods_FlixTests.framework */; };
		D1DEF3BF200C13ED000CF41B /* AppDelegate.swift in Sources */ = {isa = PBXBuildFile; fileRef = D1DEF3BE200C13ED000CF41B /* AppDelegate.swift */; };
		D1DEF3C4200C13ED000CF41B /* Main.storyboard in Resources */ = {isa = PBXBuildFile; fileRef = D1DEF3C2200C13ED000CF41B /* Main.storyboard */; };
		D1DEF3C6200C13ED000CF41B /* Assets.xcassets in Resources */ = {isa = PBXBuildFile; fileRef = D1DEF3C5200C13ED000CF41B /* Assets.xcassets */; };
		D1DEF3C9200C13ED000CF41B /* LaunchScreen.storyboard in Resources */ = {isa = PBXBuildFile; fileRef = D1DEF3C7200C13ED000CF41B /* LaunchScreen.storyboard */; };
		D1DEF3D4200C13ED000CF41B /* FlixTests.swift in Sources */ = {isa = PBXBuildFile; fileRef = D1DEF3D3200C13ED000CF41B /* FlixTests.swift */; };
		D1DEF3DF200C13ED000CF41B /* FlixUITests.swift in Sources */ = {isa = PBXBuildFile; fileRef = D1DEF3DE200C13ED000CF41B /* FlixUITests.swift */; };
		D1DEF3ED200C160F000CF41B /* NowPlayingViewController.swift in Sources */ = {isa = PBXBuildFile; fileRef = D1DEF3EC200C160F000CF41B /* NowPlayingViewController.swift */; };
		D1DEF3EF200C17B6000CF41B /* MovieCell.swift in Sources */ = {isa = PBXBuildFile; fileRef = D1DEF3EE200C17B6000CF41B /* MovieCell.swift */; };
		E5905A2F6A1E6EFF1318FF70 /* Pods_Flix.framework in Frameworks */ = {isa = PBXBuildFile; fileRef = 3826E8E675B538DC5AA36E2E /* Pods_Flix.framework */; };
/* End PBXBuildFile section */

/* Begin PBXContainerItemProxy section */
		D1DEF3D0200C13ED000CF41B /* PBXContainerItemProxy */ = {
			isa = PBXContainerItemProxy;
			containerPortal = D1DEF3B3200C13ED000CF41B /* Project object */;
			proxyType = 1;
			remoteGlobalIDString = D1DEF3BA200C13ED000CF41B;
			remoteInfo = Flix;
		};
		D1DEF3DB200C13ED000CF41B /* PBXContainerItemProxy */ = {
			isa = PBXContainerItemProxy;
			containerPortal = D1DEF3B3200C13ED000CF41B /* Project object */;
			proxyType = 1;
			remoteGlobalIDString = D1DEF3BA200C13ED000CF41B;
			remoteInfo = Flix;
		};
/* End PBXContainerItemProxy section */

/* Begin PBXFileReference section */
		2A00C901CD8FA49920470D76 /* Pods_FlixTests.framework */ = {isa = PBXFileReference; explicitFileType = wrapper.framework; includeInIndex = 0; path = Pods_FlixTests.framework; sourceTree = BUILT_PRODUCTS_DIR; };
		32596A0371A1DA2ABDD3B51B /* Pods_FlixUITests.framework */ = {isa = PBXFileReference; explicitFileType = wrapper.framework; includeInIndex = 0; path = Pods_FlixUITests.framework; sourceTree = BUILT_PRODUCTS_DIR; };
		3826E8E675B538DC5AA36E2E /* Pods_Flix.framework */ = {isa = PBXFileReference; explicitFileType = wrapper.framework; includeInIndex = 0; path = Pods_Flix.framework; sourceTree = BUILT_PRODUCTS_DIR; };
		7DEC2FBD0B68A2353D766643 /* Pods-FlixTests.release.xcconfig */ = {isa = PBXFileReference; includeInIndex = 1; lastKnownFileType = text.xcconfig; name = "Pods-FlixTests.release.xcconfig"; path = "Pods/Target Support Files/Pods-FlixTests/Pods-FlixTests.release.xcconfig"; sourceTree = "<group>"; };
		D1DEF3BB200C13ED000CF41B /* Flix.app */ = {isa = PBXFileReference; explicitFileType = wrapper.application; includeInIndex = 0; path = Flix.app; sourceTree = BUILT_PRODUCTS_DIR; };
		D1DEF3BE200C13ED000CF41B /* AppDelegate.swift */ = {isa = PBXFileReference; lastKnownFileType = sourcecode.swift; path = AppDelegate.swift; sourceTree = "<group>"; };
		D1DEF3C3200C13ED000CF41B /* Base */ = {isa = PBXFileReference; lastKnownFileType = file.storyboard; name = Base; path = Base.lproj/Main.storyboard; sourceTree = "<group>"; };
		D1DEF3C5200C13ED000CF41B /* Assets.xcassets */ = {isa = PBXFileReference; lastKnownFileType = folder.assetcatalog; path = Assets.xcassets; sourceTree = "<group>"; };
		D1DEF3C8200C13ED000CF41B /* Base */ = {isa = PBXFileReference; lastKnownFileType = file.storyboard; name = Base; path = Base.lproj/LaunchScreen.storyboard; sourceTree = "<group>"; };
		D1DEF3CA200C13ED000CF41B /* Info.plist */ = {isa = PBXFileReference; lastKnownFileType = text.plist.xml; path = Info.plist; sourceTree = "<group>"; };
		D1DEF3CF200C13ED000CF41B /* FlixTests.xctest */ = {isa = PBXFileReference; explicitFileType = wrapper.cfbundle; includeInIndex = 0; path = FlixTests.xctest; sourceTree = BUILT_PRODUCTS_DIR; };
		D1DEF3D3200C13ED000CF41B /* FlixTests.swift */ = {isa = PBXFileReference; lastKnownFileType = sourcecode.swift; path = FlixTests.swift; sourceTree = "<group>"; };
		D1DEF3D5200C13ED000CF41B /* Info.plist */ = {isa = PBXFileReference; lastKnownFileType = text.plist.xml; path = Info.plist; sourceTree = "<group>"; };
		D1DEF3DA200C13ED000CF41B /* FlixUITests.xctest */ = {isa = PBXFileReference; explicitFileType = wrapper.cfbundle; includeInIndex = 0; path = FlixUITests.xctest; sourceTree = BUILT_PRODUCTS_DIR; };
		D1DEF3DE200C13ED000CF41B /* FlixUITests.swift */ = {isa = PBXFileReference; lastKnownFileType = sourcecode.swift; path = FlixUITests.swift; sourceTree = "<group>"; };
		D1DEF3E0200C13ED000CF41B /* Info.plist */ = {isa = PBXFileReference; lastKnownFileType = text.plist.xml; path = Info.plist; sourceTree = "<group>"; };
		D1DEF3EC200C160F000CF41B /* NowPlayingViewController.swift */ = {isa = PBXFileReference; lastKnownFileType = sourcecode.swift; path = NowPlayingViewController.swift; sourceTree = "<group>"; };
		D1DEF3EE200C17B6000CF41B /* MovieCell.swift */ = {isa = PBXFileReference; lastKnownFileType = sourcecode.swift; path = MovieCell.swift; sourceTree = "<group>"; };
		D4EBA21D68841CC7D95EF36D /* Pods-FlixUITests.debug.xcconfig */ = {isa = PBXFileReference; includeInIndex = 1; lastKnownFileType = text.xcconfig; name = "Pods-FlixUITests.debug.xcconfig"; path = "Pods/Target Support Files/Pods-FlixUITests/Pods-FlixUITests.debug.xcconfig"; sourceTree = "<group>"; };
		E4D477814AE671C2AFD7884A /* Pods-Flix.debug.xcconfig */ = {isa = PBXFileReference; includeInIndex = 1; lastKnownFileType = text.xcconfig; name = "Pods-Flix.debug.xcconfig"; path = "Pods/Target Support Files/Pods-Flix/Pods-Flix.debug.xcconfig"; sourceTree = "<group>"; };
		E91745B3CECF1734816AEA44 /* Pods-FlixUITests.release.xcconfig */ = {isa = PBXFileReference; includeInIndex = 1; lastKnownFileType = text.xcconfig; name = "Pods-FlixUITests.release.xcconfig"; path = "Pods/Target Support Files/Pods-FlixUITests/Pods-FlixUITests.release.xcconfig"; sourceTree = "<group>"; };
		EC7DE57E5E07E1A78CEA6189 /* Pods-FlixTests.debug.xcconfig */ = {isa = PBXFileReference; includeInIndex = 1; lastKnownFileType = text.xcconfig; name = "Pods-FlixTests.debug.xcconfig"; path = "Pods/Target Support Files/Pods-FlixTests/Pods-FlixTests.debug.xcconfig"; sourceTree = "<group>"; };
		FDB369A3ED4072E2D87BEA55 /* Pods-Flix.release.xcconfig */ = {isa = PBXFileReference; includeInIndex = 1; lastKnownFileType = text.xcconfig; name = "Pods-Flix.release.xcconfig"; path = "Pods/Target Support Files/Pods-Flix/Pods-Flix.release.xcconfig"; sourceTree = "<group>"; };
/* End PBXFileReference section */

/* Begin PBXFrameworksBuildPhase section */
		D1DEF3B8200C13ED000CF41B /* Frameworks */ = {
			isa = PBXFrameworksBuildPhase;
			buildActionMask = 2147483647;
			files = (
				E5905A2F6A1E6EFF1318FF70 /* Pods_Flix.framework in Frameworks */,
			);
			runOnlyForDeploymentPostprocessing = 0;
		};
		D1DEF3CC200C13ED000CF41B /* Frameworks */ = {
			isa = PBXFrameworksBuildPhase;
			buildActionMask = 2147483647;
			files = (
				CA3E13D30B32BD0471742865 /* Pods_FlixTests.framework in Frameworks */,
			);
			runOnlyForDeploymentPostprocessing = 0;
		};
		D1DEF3D7200C13ED000CF41B /* Frameworks */ = {
			isa = PBXFrameworksBuildPhase;
			buildActionMask = 2147483647;
			files = (
				92534D679ADFDAAEAA34C21C /* Pods_FlixUITests.framework in Frameworks */,
			);
			runOnlyForDeploymentPostprocessing = 0;
		};
/* End PBXFrameworksBuildPhase section */

/* Begin PBXGroup section */
		A1120C8CE3016422B25B3A8B /* Pods */ = {
			isa = PBXGroup;
			children = (
				E4D477814AE671C2AFD7884A /* Pods-Flix.debug.xcconfig */,
				FDB369A3ED4072E2D87BEA55 /* Pods-Flix.release.xcconfig */,
				EC7DE57E5E07E1A78CEA6189 /* Pods-FlixTests.debug.xcconfig */,
				7DEC2FBD0B68A2353D766643 /* Pods-FlixTests.release.xcconfig */,
				D4EBA21D68841CC7D95EF36D /* Pods-FlixUITests.debug.xcconfig */,
				E91745B3CECF1734816AEA44 /* Pods-FlixUITests.release.xcconfig */,
			);
			name = Pods;
			sourceTree = "<group>";
		};
		C255D5CAE593747F4BD4C8B9 /* Frameworks */ = {
			isa = PBXGroup;
			children = (
				3826E8E675B538DC5AA36E2E /* Pods_Flix.framework */,
				2A00C901CD8FA49920470D76 /* Pods_FlixTests.framework */,
				32596A0371A1DA2ABDD3B51B /* Pods_FlixUITests.framework */,
			);
			name = Frameworks;
			sourceTree = "<group>";
		};
		D1DEF3B2200C13ED000CF41B = {
			isa = PBXGroup;
			children = (
				D1DEF3BD200C13ED000CF41B /* Flix */,
				D1DEF3D2200C13ED000CF41B /* FlixTests */,
				D1DEF3DD200C13ED000CF41B /* FlixUITests */,
				D1DEF3BC200C13ED000CF41B /* Products */,
				A1120C8CE3016422B25B3A8B /* Pods */,
				C255D5CAE593747F4BD4C8B9 /* Frameworks */,
			);
			sourceTree = "<group>";
		};
		D1DEF3BC200C13ED000CF41B /* Products */ = {
			isa = PBXGroup;
			children = (
				D1DEF3BB200C13ED000CF41B /* Flix.app */,
				D1DEF3CF200C13ED000CF41B /* FlixTests.xctest */,
				D1DEF3DA200C13ED000CF41B /* FlixUITests.xctest */,
			);
			name = Products;
			sourceTree = "<group>";
		};
		D1DEF3BD200C13ED000CF41B /* Flix */ = {
			isa = PBXGroup;
			children = (
				D1DEF3BE200C13ED000CF41B /* AppDelegate.swift */,
				D1DEF3C2200C13ED000CF41B /* Main.storyboard */,
				D1DEF3C5200C13ED000CF41B /* Assets.xcassets */,
				D1DEF3C7200C13ED000CF41B /* LaunchScreen.storyboard */,
				D1DEF3CA200C13ED000CF41B /* Info.plist */,
				D1DEF3EC200C160F000CF41B /* NowPlayingViewController.swift */,
				D1DEF3EE200C17B6000CF41B /* MovieCell.swift */,
			);
			path = Flix;
			sourceTree = "<group>";
		};
		D1DEF3D2200C13ED000CF41B /* FlixTests */ = {
			isa = PBXGroup;
			children = (
				D1DEF3D3200C13ED000CF41B /* FlixTests.swift */,
				D1DEF3D5200C13ED000CF41B /* Info.plist */,
			);
			path = FlixTests;
			sourceTree = "<group>";
		};
		D1DEF3DD200C13ED000CF41B /* FlixUITests */ = {
			isa = PBXGroup;
			children = (
				D1DEF3DE200C13ED000CF41B /* FlixUITests.swift */,
				D1DEF3E0200C13ED000CF41B /* Info.plist */,
			);
			path = FlixUITests;
			sourceTree = "<group>";
		};
/* End PBXGroup section */

/* Begin PBXNativeTarget section */
		D1DEF3BA200C13ED000CF41B /* Flix */ = {
			isa = PBXNativeTarget;
			buildConfigurationList = D1DEF3E3200C13ED000CF41B /* Build configuration list for PBXNativeTarget "Flix" */;
			buildPhases = (
				61D853359D6E79F1FACB12CC /* [CP] Check Pods Manifest.lock */,
				D1DEF3B7200C13ED000CF41B /* Sources */,
				D1DEF3B8200C13ED000CF41B /* Frameworks */,
				D1DEF3B9200C13ED000CF41B /* Resources */,
				2ECFCC651A1F5F1F84C3CC7B /* [CP] Embed Pods Frameworks */,
				D8DB19C4FA76E70D04D18800 /* [CP] Copy Pods Resources */,
			);
			buildRules = (
			);
			dependencies = (
			);
			name = Flix;
			productName = Flix;
			productReference = D1DEF3BB200C13ED000CF41B /* Flix.app */;
			productType = "com.apple.product-type.application";
		};
		D1DEF3CE200C13ED000CF41B /* FlixTests */ = {
			isa = PBXNativeTarget;
			buildConfigurationList = D1DEF3E6200C13ED000CF41B /* Build configuration list for PBXNativeTarget "FlixTests" */;
			buildPhases = (
				C7D5968C6B852AC624AC7DC6 /* [CP] Check Pods Manifest.lock */,
				D1DEF3CB200C13ED000CF41B /* Sources */,
				D1DEF3CC200C13ED000CF41B /* Frameworks */,
				D1DEF3CD200C13ED000CF41B /* Resources */,
				287380B86EAB4EE059979FF7 /* [CP] Embed Pods Frameworks */,
				1DF644666E1D95C4FF0652E3 /* [CP] Copy Pods Resources */,
			);
			buildRules = (
			);
			dependencies = (
				D1DEF3D1200C13ED000CF41B /* PBXTargetDependency */,
			);
			name = FlixTests;
			productName = FlixTests;
			productReference = D1DEF3CF200C13ED000CF41B /* FlixTests.xctest */;
			productType = "com.apple.product-type.bundle.unit-test";
		};
		D1DEF3D9200C13ED000CF41B /* FlixUITests */ = {
			isa = PBXNativeTarget;
			buildConfigurationList = D1DEF3E9200C13ED000CF41B /* Build configuration list for PBXNativeTarget "FlixUITests" */;
			buildPhases = (
				DA91C3450C51A1EC83FBF0E0 /* [CP] Check Pods Manifest.lock */,
				D1DEF3D6200C13ED000CF41B /* Sources */,
				D1DEF3D7200C13ED000CF41B /* Frameworks */,
				D1DEF3D8200C13ED000CF41B /* Resources */,
				D1CAADA695FB95660F4983F9 /* [CP] Embed Pods Frameworks */,
				4EE48F25E3E2FB988D25F869 /* [CP] Copy Pods Resources */,
			);
			buildRules = (
			);
			dependencies = (
				D1DEF3DC200C13ED000CF41B /* PBXTargetDependency */,
			);
			name = FlixUITests;
			productName = FlixUITests;
			productReference = D1DEF3DA200C13ED000CF41B /* FlixUITests.xctest */;
			productType = "com.apple.product-type.bundle.ui-testing";
		};
/* End PBXNativeTarget section */

/* Begin PBXProject section */
		D1DEF3B3200C13ED000CF41B /* Project object */ = {
			isa = PBXProject;
			attributes = {
				LastSwiftUpdateCheck = 0910;
				LastUpgradeCheck = 0910;
				ORGANIZATIONNAME = "Pallav Kamojjhala";
				TargetAttributes = {
					D1DEF3BA200C13ED000CF41B = {
						CreatedOnToolsVersion = 9.1;
						ProvisioningStyle = Automatic;
					};
					D1DEF3CE200C13ED000CF41B = {
						CreatedOnToolsVersion = 9.1;
						ProvisioningStyle = Automatic;
						TestTargetID = D1DEF3BA200C13ED000CF41B;
					};
					D1DEF3D9200C13ED000CF41B = {
						CreatedOnToolsVersion = 9.1;
						ProvisioningStyle = Automatic;
						TestTargetID = D1DEF3BA200C13ED000CF41B;
					};
				};
			};
			buildConfigurationList = D1DEF3B6200C13ED000CF41B /* Build configuration list for PBXProject "Flix" */;
			compatibilityVersion = "Xcode 8.0";
			developmentRegion = en;
			hasScannedForEncodings = 0;
			knownRegions = (
				en,
				Base,
			);
			mainGroup = D1DEF3B2200C13ED000CF41B;
			productRefGroup = D1DEF3BC200C13ED000CF41B /* Products */;
			projectDirPath = "";
			projectRoot = "";
			targets = (
				D1DEF3BA200C13ED000CF41B /* Flix */,
				D1DEF3CE200C13ED000CF41B /* FlixTests */,
				D1DEF3D9200C13ED000CF41B /* FlixUITests */,
			);
		};
/* End PBXProject section */

/* Begin PBXResourcesBuildPhase section */
		D1DEF3B9200C13ED000CF41B /* Resources */ = {
			isa = PBXResourcesBuildPhase;
			buildActionMask = 2147483647;
			files = (
				D1DEF3C9200C13ED000CF41B /* LaunchScreen.storyboard in Resources */,
				D1DEF3C6200C13ED000CF41B /* Assets.xcassets in Resources */,
				D1DEF3C4200C13ED000CF41B /* Main.storyboard in Resources */,
			);
			runOnlyForDeploymentPostprocessing = 0;
		};
		D1DEF3CD200C13ED000CF41B /* Resources */ = {
			isa = PBXResourcesBuildPhase;
			buildActionMask = 2147483647;
			files = (
			);
			runOnlyForDeploymentPostprocessing = 0;
		};
		D1DEF3D8200C13ED000CF41B /* Resources */ = {
			isa = PBXResourcesBuildPhase;
			buildActionMask = 2147483647;
			files = (
			);
			runOnlyForDeploymentPostprocessing = 0;
		};
/* End PBXResourcesBuildPhase section */

/* Begin PBXShellScriptBuildPhase section */
		1DF644666E1D95C4FF0652E3 /* [CP] Copy Pods Resources */ = {
			isa = PBXShellScriptBuildPhase;
			buildActionMask = 2147483647;
			files = (
			);
			inputPaths = (
			);
			name = "[CP] Copy Pods Resources";
			outputPaths = (
			);
			runOnlyForDeploymentPostprocessing = 0;
			shellPath = /bin/sh;
			shellScript = "\"${SRCROOT}/Pods/Target Support Files/Pods-FlixTests/Pods-FlixTests-resources.sh\"\n";
			showEnvVarsInLog = 0;
		};
		287380B86EAB4EE059979FF7 /* [CP] Embed Pods Frameworks */ = {
			isa = PBXShellScriptBuildPhase;
			buildActionMask = 2147483647;
			files = (
			);
			inputPaths = (
			);
			name = "[CP] Embed Pods Frameworks";
			outputPaths = (
			);
			runOnlyForDeploymentPostprocessing = 0;
			shellPath = /bin/sh;
			shellScript = "\"${SRCROOT}/Pods/Target Support Files/Pods-FlixTests/Pods-FlixTests-frameworks.sh\"\n";
			showEnvVarsInLog = 0;
		};
		2ECFCC651A1F5F1F84C3CC7B /* [CP] Embed Pods Frameworks */ = {
			isa = PBXShellScriptBuildPhase;
			buildActionMask = 2147483647;
			files = (
			);
			inputPaths = (
				"${SRCROOT}/Pods/Target Support Files/Pods-Flix/Pods-Flix-frameworks.sh",
				"${BUILT_PRODUCTS_DIR}/Alamofire/Alamofire.framework",
				"${BUILT_PRODUCTS_DIR}/AlamofireImage/AlamofireImage.framework",
			);
			name = "[CP] Embed Pods Frameworks";
			outputPaths = (
				"${TARGET_BUILD_DIR}/${FRAMEWORKS_FOLDER_PATH}/Alamofire.framework",
				"${TARGET_BUILD_DIR}/${FRAMEWORKS_FOLDER_PATH}/AlamofireImage.framework",
			);
			runOnlyForDeploymentPostprocessing = 0;
			shellPath = /bin/sh;
			shellScript = "\"${SRCROOT}/Pods/Target Support Files/Pods-Flix/Pods-Flix-frameworks.sh\"\n";
			showEnvVarsInLog = 0;
		};
		4EE48F25E3E2FB988D25F869 /* [CP] Copy Pods Resources */ = {
			isa = PBXShellScriptBuildPhase;
			buildActionMask = 2147483647;
			files = (
			);
			inputPaths = (
			);
			name = "[CP] Copy Pods Resources";
			outputPaths = (
			);
			runOnlyForDeploymentPostprocessing = 0;
			shellPath = /bin/sh;
			shellScript = "\"${SRCROOT}/Pods/Target Support Files/Pods-FlixUITests/Pods-FlixUITests-resources.sh\"\n";
			showEnvVarsInLog = 0;
		};
		61D853359D6E79F1FACB12CC /* [CP] Check Pods Manifest.lock */ = {
			isa = PBXShellScriptBuildPhase;
			buildActionMask = 2147483647;
			files = (
			);
			inputPaths = (
				"${PODS_PODFILE_DIR_PATH}/Podfile.lock",
				"${PODS_ROOT}/Manifest.lock",
			);
			name = "[CP] Check Pods Manifest.lock";
			outputPaths = (
				"$(DERIVED_FILE_DIR)/Pods-Flix-checkManifestLockResult.txt",
			);
			runOnlyForDeploymentPostprocessing = 0;
			shellPath = /bin/sh;
			shellScript = "diff \"${PODS_PODFILE_DIR_PATH}/Podfile.lock\" \"${PODS_ROOT}/Manifest.lock\" > /dev/null\nif [ $? != 0 ] ; then\n    # print error to STDERR\n    echo \"error: The sandbox is not in sync with the Podfile.lock. Run 'pod install' or update your CocoaPods installation.\" >&2\n    exit 1\nfi\n# This output is used by Xcode 'outputs' to avoid re-running this script phase.\necho \"SUCCESS\" > \"${SCRIPT_OUTPUT_FILE_0}\"\n";
			showEnvVarsInLog = 0;
		};
		C7D5968C6B852AC624AC7DC6 /* [CP] Check Pods Manifest.lock */ = {
			isa = PBXShellScriptBuildPhase;
			buildActionMask = 2147483647;
			files = (
			);
			inputPaths = (
				"${PODS_PODFILE_DIR_PATH}/Podfile.lock",
				"${PODS_ROOT}/Manifest.lock",
			);
			name = "[CP] Check Pods Manifest.lock";
			outputPaths = (
				"$(DERIVED_FILE_DIR)/Pods-FlixTests-checkManifestLockResult.txt",
			);
			runOnlyForDeploymentPostprocessing = 0;
			shellPath = /bin/sh;
			shellScript = "diff \"${PODS_PODFILE_DIR_PATH}/Podfile.lock\" \"${PODS_ROOT}/Manifest.lock\" > /dev/null\nif [ $? != 0 ] ; then\n    # print error to STDERR\n    echo \"error: The sandbox is not in sync with the Podfile.lock. Run 'pod install' or update your CocoaPods installation.\" >&2\n    exit 1\nfi\n# This output is used by Xcode 'outputs' to avoid re-running this script phase.\necho \"SUCCESS\" > \"${SCRIPT_OUTPUT_FILE_0}\"\n";
			showEnvVarsInLog = 0;
		};
		D1CAADA695FB95660F4983F9 /* [CP] Embed Pods Frameworks */ = {
			isa = PBXShellScriptBuildPhase;
			buildActionMask = 2147483647;
			files = (
			);
			inputPaths = (
			);
			name = "[CP] Embed Pods Frameworks";
			outputPaths = (
			);
			runOnlyForDeploymentPostprocessing = 0;
			shellPath = /bin/sh;
			shellScript = "\"${SRCROOT}/Pods/Target Support Files/Pods-FlixUITests/Pods-FlixUITests-frameworks.sh\"\n";
			showEnvVarsInLog = 0;
		};
		D8DB19C4FA76E70D04D18800 /* [CP] Copy Pods Resources */ = {
			isa = PBXShellScriptBuildPhase;
			buildActionMask = 2147483647;
			files = (
			);
			inputPaths = (
			);
			name = "[CP] Copy Pods Resources";
			outputPaths = (
			);
			runOnlyForDeploymentPostprocessing = 0;
			shellPath = /bin/sh;
			shellScript = "\"${SRCROOT}/Pods/Target Support Files/Pods-Flix/Pods-Flix-resources.sh\"\n";
			showEnvVarsInLog = 0;
		};
		DA91C3450C51A1EC83FBF0E0 /* [CP] Check Pods Manifest.lock */ = {
			isa = PBXShellScriptBuildPhase;
			buildActionMask = 2147483647;
			files = (
			);
			inputPaths = (
				"${PODS_PODFILE_DIR_PATH}/Podfile.lock",
				"${PODS_ROOT}/Manifest.lock",
			);
			name = "[CP] Check Pods Manifest.lock";
			outputPaths = (
				"$(DERIVED_FILE_DIR)/Pods-FlixUITests-checkManifestLockResult.txt",
			);
			runOnlyForDeploymentPostprocessing = 0;
			shellPath = /bin/sh;
			shellScript = "diff \"${PODS_PODFILE_DIR_PATH}/Podfile.lock\" \"${PODS_ROOT}/Manifest.lock\" > /dev/null\nif [ $? != 0 ] ; then\n    # print error to STDERR\n    echo \"error: The sandbox is not in sync with the Podfile.lock. Run 'pod install' or update your CocoaPods installation.\" >&2\n    exit 1\nfi\n# This output is used by Xcode 'outputs' to avoid re-running this script phase.\necho \"SUCCESS\" > \"${SCRIPT_OUTPUT_FILE_0}\"\n";
			showEnvVarsInLog = 0;
		};
/* End PBXShellScriptBuildPhase section */

/* Begin PBXSourcesBuildPhase section */
		D1DEF3B7200C13ED000CF41B /* Sources */ = {
			isa = PBXSourcesBuildPhase;
			buildActionMask = 2147483647;
			files = (
				D1DEF3ED200C160F000CF41B /* NowPlayingViewController.swift in Sources */,
				D1DEF3BF200C13ED000CF41B /* AppDelegate.swift in Sources */,
				D1DEF3EF200C17B6000CF41B /* MovieCell.swift in Sources */,
			);
			runOnlyForDeploymentPostprocessing = 0;
		};
		D1DEF3CB200C13ED000CF41B /* Sources */ = {
			isa = PBXSourcesBuildPhase;
			buildActionMask = 2147483647;
			files = (
				D1DEF3D4200C13ED000CF41B /* FlixTests.swift in Sources */,
			);
			runOnlyForDeploymentPostprocessing = 0;
		};
		D1DEF3D6200C13ED000CF41B /* Sources */ = {
			isa = PBXSourcesBuildPhase;
			buildActionMask = 2147483647;
			files = (
				D1DEF3DF200C13ED000CF41B /* FlixUITests.swift in Sources */,
			);
			runOnlyForDeploymentPostprocessing = 0;
		};
/* End PBXSourcesBuildPhase section */

/* Begin PBXTargetDependency section */
		D1DEF3D1200C13ED000CF41B /* PBXTargetDependency */ = {
			isa = PBXTargetDependency;
			target = D1DEF3BA200C13ED000CF41B /* Flix */;
			targetProxy = D1DEF3D0200C13ED000CF41B /* PBXContainerItemProxy */;
		};
		D1DEF3DC200C13ED000CF41B /* PBXTargetDependency */ = {
			isa = PBXTargetDependency;
			target = D1DEF3BA200C13ED000CF41B /* Flix */;
			targetProxy = D1DEF3DB200C13ED000CF41B /* PBXContainerItemProxy */;
		};
/* End PBXTargetDependency section */

/* Begin PBXVariantGroup section */
		D1DEF3C2200C13ED000CF41B /* Main.storyboard */ = {
			isa = PBXVariantGroup;
			children = (
				D1DEF3C3200C13ED000CF41B /* Base */,
			);
			name = Main.storyboard;
			sourceTree = "<group>";
		};
		D1DEF3C7200C13ED000CF41B /* LaunchScreen.storyboard */ = {
			isa = PBXVariantGroup;
			children = (
				D1DEF3C8200C13ED000CF41B /* Base */,
			);
			name = LaunchScreen.storyboard;
			sourceTree = "<group>";
		};
/* End PBXVariantGroup section */

/* Begin XCBuildConfiguration section */
		D1DEF3E1200C13ED000CF41B /* Debug */ = {
			isa = XCBuildConfiguration;
			buildSettings = {
				ALWAYS_SEARCH_USER_PATHS = NO;
				CLANG_ANALYZER_NONNULL = YES;
				CLANG_ANALYZER_NUMBER_OBJECT_CONVERSION = YES_AGGRESSIVE;
				CLANG_CXX_LANGUAGE_STANDARD = "gnu++14";
				CLANG_CXX_LIBRARY = "libc++";
				CLANG_ENABLE_MODULES = YES;
				CLANG_ENABLE_OBJC_ARC = YES;
				CLANG_WARN_BLOCK_CAPTURE_AUTORELEASING = YES;
				CLANG_WARN_BOOL_CONVERSION = YES;
				CLANG_WARN_COMMA = YES;
				CLANG_WARN_CONSTANT_CONVERSION = YES;
				CLANG_WARN_DIRECT_OBJC_ISA_USAGE = YES_ERROR;
				CLANG_WARN_DOCUMENTATION_COMMENTS = YES;
				CLANG_WARN_EMPTY_BODY = YES;
				CLANG_WARN_ENUM_CONVERSION = YES;
				CLANG_WARN_INFINITE_RECURSION = YES;
				CLANG_WARN_INT_CONVERSION = YES;
				CLANG_WARN_NON_LITERAL_NULL_CONVERSION = YES;
				CLANG_WARN_OBJC_LITERAL_CONVERSION = YES;
				CLANG_WARN_OBJC_ROOT_CLASS = YES_ERROR;
				CLANG_WARN_RANGE_LOOP_ANALYSIS = YES;
				CLANG_WARN_STRICT_PROTOTYPES = YES;
				CLANG_WARN_SUSPICIOUS_MOVE = YES;
				CLANG_WARN_UNGUARDED_AVAILABILITY = YES_AGGRESSIVE;
				CLANG_WARN_UNREACHABLE_CODE = YES;
				CLANG_WARN__DUPLICATE_METHOD_MATCH = YES;
				CODE_SIGN_IDENTITY = "iPhone Developer";
				COPY_PHASE_STRIP = NO;
				DEBUG_INFORMATION_FORMAT = dwarf;
				ENABLE_STRICT_OBJC_MSGSEND = YES;
				ENABLE_TESTABILITY = YES;
				GCC_C_LANGUAGE_STANDARD = gnu11;
				GCC_DYNAMIC_NO_PIC = NO;
				GCC_NO_COMMON_BLOCKS = YES;
				GCC_OPTIMIZATION_LEVEL = 0;
				GCC_PREPROCESSOR_DEFINITIONS = (
					"DEBUG=1",
					"$(inherited)",
				);
				GCC_WARN_64_TO_32_BIT_CONVERSION = YES;
				GCC_WARN_ABOUT_RETURN_TYPE = YES_ERROR;
				GCC_WARN_UNDECLARED_SELECTOR = YES;
				GCC_WARN_UNINITIALIZED_AUTOS = YES_AGGRESSIVE;
				GCC_WARN_UNUSED_FUNCTION = YES;
				GCC_WARN_UNUSED_VARIABLE = YES;
				IPHONEOS_DEPLOYMENT_TARGET = 11.1;
				MTL_ENABLE_DEBUG_INFO = YES;
				ONLY_ACTIVE_ARCH = YES;
				SDKROOT = iphoneos;
				SWIFT_ACTIVE_COMPILATION_CONDITIONS = DEBUG;
				SWIFT_OPTIMIZATION_LEVEL = "-Onone";
			};
			name = Debug;
		};
		D1DEF3E2200C13ED000CF41B /* Release */ = {
			isa = XCBuildConfiguration;
			buildSettings = {
				ALWAYS_SEARCH_USER_PATHS = NO;
				CLANG_ANALYZER_NONNULL = YES;
				CLANG_ANALYZER_NUMBER_OBJECT_CONVERSION = YES_AGGRESSIVE;
				CLANG_CXX_LANGUAGE_STANDARD = "gnu++14";
				CLANG_CXX_LIBRARY = "libc++";
				CLANG_ENABLE_MODULES = YES;
				CLANG_ENABLE_OBJC_ARC = YES;
				CLANG_WARN_BLOCK_CAPTURE_AUTORELEASING = YES;
				CLANG_WARN_BOOL_CONVERSION = YES;
				CLANG_WARN_COMMA = YES;
				CLANG_WARN_CONSTANT_CONVERSION = YES;
				CLANG_WARN_DIRECT_OBJC_ISA_USAGE = YES_ERROR;
				CLANG_WARN_DOCUMENTATION_COMMENTS = YES;
				CLANG_WARN_EMPTY_BODY = YES;
				CLANG_WARN_ENUM_CONVERSION = YES;
				CLANG_WARN_INFINITE_RECURSION = YES;
				CLANG_WARN_INT_CONVERSION = YES;
				CLANG_WARN_NON_LITERAL_NULL_CONVERSION = YES;
				CLANG_WARN_OBJC_LITERAL_CONVERSION = YES;
				CLANG_WARN_OBJC_ROOT_CLASS = YES_ERROR;
				CLANG_WARN_RANGE_LOOP_ANALYSIS = YES;
				CLANG_WARN_STRICT_PROTOTYPES = YES;
				CLANG_WARN_SUSPICIOUS_MOVE = YES;
				CLANG_WARN_UNGUARDED_AVAILABILITY = YES_AGGRESSIVE;
				CLANG_WARN_UNREACHABLE_CODE = YES;
				CLANG_WARN__DUPLICATE_METHOD_MATCH = YES;
				CODE_SIGN_IDENTITY = "iPhone Developer";
				COPY_PHASE_STRIP = NO;
				DEBUG_INFORMATION_FORMAT = "dwarf-with-dsym";
				ENABLE_NS_ASSERTIONS = NO;
				ENABLE_STRICT_OBJC_MSGSEND = YES;
				GCC_C_LANGUAGE_STANDARD = gnu11;
				GCC_NO_COMMON_BLOCKS = YES;
				GCC_WARN_64_TO_32_BIT_CONVERSION = YES;
				GCC_WARN_ABOUT_RETURN_TYPE = YES_ERROR;
				GCC_WARN_UNDECLARED_SELECTOR = YES;
				GCC_WARN_UNINITIALIZED_AUTOS = YES_AGGRESSIVE;
				GCC_WARN_UNUSED_FUNCTION = YES;
				GCC_WARN_UNUSED_VARIABLE = YES;
				IPHONEOS_DEPLOYMENT_TARGET = 11.1;
				MTL_ENABLE_DEBUG_INFO = NO;
				SDKROOT = iphoneos;
				SWIFT_OPTIMIZATION_LEVEL = "-Owholemodule";
				VALIDATE_PRODUCT = YES;
			};
			name = Release;
		};
		D1DEF3E4200C13ED000CF41B /* Debug */ = {
			isa = XCBuildConfiguration;
			baseConfigurationReference = E4D477814AE671C2AFD7884A /* Pods-Flix.debug.xcconfig */;
			buildSettings = {
				ASSETCATALOG_COMPILER_APPICON_NAME = AppIcon;
				CODE_SIGN_STYLE = Automatic;
				INFOPLIST_FILE = Flix/Info.plist;
				LD_RUNPATH_SEARCH_PATHS = "$(inherited) @executable_path/Frameworks";
				PRODUCT_BUNDLE_IDENTIFIER = pallav.Flix;
				PRODUCT_NAME = "$(TARGET_NAME)";
				SWIFT_VERSION = 4.0;
				TARGETED_DEVICE_FAMILY = "1,2";
			};
			name = Debug;
		};
		D1DEF3E5200C13ED000CF41B /* Release */ = {
			isa = XCBuildConfiguration;
			baseConfigurationReference = FDB369A3ED4072E2D87BEA55 /* Pods-Flix.release.xcconfig */;
			buildSettings = {
				ASSETCATALOG_COMPILER_APPICON_NAME = AppIcon;
				CODE_SIGN_STYLE = Automatic;
				INFOPLIST_FILE = Flix/Info.plist;
				LD_RUNPATH_SEARCH_PATHS = "$(inherited) @executable_path/Frameworks";
				PRODUCT_BUNDLE_IDENTIFIER = pallav.Flix;
				PRODUCT_NAME = "$(TARGET_NAME)";
				SWIFT_VERSION = 4.0;
				TARGETED_DEVICE_FAMILY = "1,2";
			};
			name = Release;
		};
		D1DEF3E7200C13ED000CF41B /* Debug */ = {
			isa = XCBuildConfiguration;
			baseConfigurationReference = EC7DE57E5E07E1A78CEA6189 /* Pods-FlixTests.debug.xcconfig */;
			buildSettings = {
				ALWAYS_EMBED_SWIFT_STANDARD_LIBRARIES = YES;
				BUNDLE_LOADER = "$(TEST_HOST)";
				CODE_SIGN_STYLE = Automatic;
				INFOPLIST_FILE = FlixTests/Info.plist;
				LD_RUNPATH_SEARCH_PATHS = "$(inherited) @executable_path/Frameworks @loader_path/Frameworks";
				PRODUCT_BUNDLE_IDENTIFIER = pallav.FlixTests;
				PRODUCT_NAME = "$(TARGET_NAME)";
				SWIFT_VERSION = 4.0;
				TARGETED_DEVICE_FAMILY = "1,2";
				TEST_HOST = "$(BUILT_PRODUCTS_DIR)/Flix.app/Flix";
			};
			name = Debug;
		};
		D1DEF3E8200C13ED000CF41B /* Release */ = {
			isa = XCBuildConfiguration;
			baseConfigurationReference = 7DEC2FBD0B68A2353D766643 /* Pods-FlixTests.release.xcconfig */;
			buildSettings = {
				ALWAYS_EMBED_SWIFT_STANDARD_LIBRARIES = YES;
				BUNDLE_LOADER = "$(TEST_HOST)";
				CODE_SIGN_STYLE = Automatic;
				INFOPLIST_FILE = FlixTests/Info.plist;
				LD_RUNPATH_SEARCH_PATHS = "$(inherited) @executable_path/Frameworks @loader_path/Frameworks";
				PRODUCT_BUNDLE_IDENTIFIER = pallav.FlixTests;
				PRODUCT_NAME = "$(TARGET_NAME)";
				SWIFT_VERSION = 4.0;
				TARGETED_DEVICE_FAMILY = "1,2";
				TEST_HOST = "$(BUILT_PRODUCTS_DIR)/Flix.app/Flix";
			};
			name = Release;
		};
		D1DEF3EA200C13ED000CF41B /* Debug */ = {
			isa = XCBuildConfiguration;
			baseConfigurationReference = D4EBA21D68841CC7D95EF36D /* Pods-FlixUITests.debug.xcconfig */;
			buildSettings = {
				ALWAYS_EMBED_SWIFT_STANDARD_LIBRARIES = YES;
				CODE_SIGN_STYLE = Automatic;
				INFOPLIST_FILE = FlixUITests/Info.plist;
				LD_RUNPATH_SEARCH_PATHS = "$(inherited) @executable_path/Frameworks @loader_path/Frameworks";
				PRODUCT_BUNDLE_IDENTIFIER = pallav.FlixUITests;
				PRODUCT_NAME = "$(TARGET_NAME)";
				SWIFT_VERSION = 4.0;
				TARGETED_DEVICE_FAMILY = "1,2";
				TEST_TARGET_NAME = Flix;
			};
			name = Debug;
		};
		D1DEF3EB200C13ED000CF41B /* Release */ = {
			isa = XCBuildConfiguration;
			baseConfigurationReference = E91745B3CECF1734816AEA44 /* Pods-FlixUITests.release.xcconfig */;
			buildSettings = {
				ALWAYS_EMBED_SWIFT_STANDARD_LIBRARIES = YES;
				CODE_SIGN_STYLE = Automatic;
				INFOPLIST_FILE = FlixUITests/Info.plist;
				LD_RUNPATH_SEARCH_PATHS = "$(inherited) @executable_path/Frameworks @loader_path/Frameworks";
				PRODUCT_BUNDLE_IDENTIFIER = pallav.FlixUITests;
				PRODUCT_NAME = "$(TARGET_NAME)";
				SWIFT_VERSION = 4.0;
				TARGETED_DEVICE_FAMILY = "1,2";
				TEST_TARGET_NAME = Flix;
			};
			name = Release;
		};
/* End XCBuildConfiguration section */

/* Begin XCConfigurationList section */
		D1DEF3B6200C13ED000CF41B /* Build configuration list for PBXProject "Flix" */ = {
			isa = XCConfigurationList;
			buildConfigurations = (
				D1DEF3E1200C13ED000CF41B /* Debug */,
				D1DEF3E2200C13ED000CF41B /* Release */,
			);
			defaultConfigurationIsVisible = 0;
			defaultConfigurationName = Release;
		};
		D1DEF3E3200C13ED000CF41B /* Build configuration list for PBXNativeTarget "Flix" */ = {
			isa = XCConfigurationList;
			buildConfigurations = (
				D1DEF3E4200C13ED000CF41B /* Debug */,
				D1DEF3E5200C13ED000CF41B /* Release */,
			);
			defaultConfigurationIsVisible = 0;
			defaultConfigurationName = Release;
		};
		D1DEF3E6200C13ED000CF41B /* Build configuration list for PBXNativeTarget "FlixTests" */ = {
			isa = XCConfigurationList;
			buildConfigurations = (
				D1DEF3E7200C13ED000CF41B /* Debug */,
				D1DEF3E8200C13ED000CF41B /* Release */,
			);
			defaultConfigurationIsVisible = 0;
			defaultConfigurationName = Release;
		};
		D1DEF3E9200C13ED000CF41B /* Build configuration list for PBXNativeTarget "FlixUITests" */ = {
			isa = XCConfigurationList;
			buildConfigurations = (
				D1DEF3EA200C13ED000CF41B /* Debug */,
				D1DEF3EB200C13ED000CF41B /* Release */,
			);
			defaultConfigurationIsVisible = 0;
			defaultConfigurationName = Release;
		};
/* End XCConfigurationList section */
	};
	rootObject = D1DEF3B3200C13ED000CF41B /* Project object */;
}
